{
  "requires": true,
  "lockfileVersion": 1,
  "dependencies": {
    "expect-type": {
      "version": "0.14.2",
      "resolved": "https://registry.npmjs.org/expect-type/-/expect-type-0.14.2.tgz",
      "integrity": "sha512-ed3+tr5ujbIYXZ8Pl/VgIphwJQ0q5tBLGGdn7Zvwt1WyPBRX83xjT5pT77P/GkuQbctx0K2ZNSSan7eruJqTCQ==",
      "dev": true
    }
  }
}
