{
  "name": "ts-glsl",
  "version": "1.0.0",
  "lockfileVersion": 1,
  "requires": true,
  "dependencies": {
    "expect-type": {
      "version": "0.14.2",
      "resolved": "https://registry.npmjs.org/expect-type/-/expect-type-0.14.2.tgz",
      "integrity": "sha512-ed3+tr5ujbIYXZ8Pl/VgIphwJQ0q5tBLGGdn7Zvwt1WyPBRX83xjT5pT77P/GkuQbctx0K2ZNSSan7eruJqTCQ=="
    },
    "typescript": {
      "version": "4.8.3",
      "resolved": "https://registry.npmjs.org/typescript/-/typescript-4.8.3.tgz",
      "integrity": "sha512-goMHfm00nWPa8UvR/CPSvykqf6dVV8x/dp0c5mFTMTIu0u0FlGWRioyy7Nn0PGAdHxpJZnuO/ut+PpQ8UiHAig==",
      "dev": true
    }
  }
}
